// !$*UTF8*$!
{
	archiveVersion = 1;
	classes = {
	};
	objectVersion = 50;
	objects = {

/* Begin PBXBuildFile section */
		79294995250A896B00DAAC0C /* AppDelegate.swift in Sources */ = {isa = PBXBuildFile; fileRef = 79294994250A896B00DAAC0C /* AppDelegate.swift */; };
		79294997250A896B00DAAC0C /* SceneDelegate.swift in Sources */ = {isa = PBXBuildFile; fileRef = 79294996250A896B00DAAC0C /* SceneDelegate.swift */; };
		79294999250A896B00DAAC0C /* ViewController.swift in Sources */ = {isa = PBXBuildFile; fileRef = 79294998250A896B00DAAC0C /* ViewController.swift */; };
		7929499C250A896B00DAAC0C /* Main.storyboard in Resources */ = {isa = PBXBuildFile; fileRef = 7929499A250A896B00DAAC0C /* Main.storyboard */; };
		7929499E250A896D00DAAC0C /* Assets.xcassets in Resources */ = {isa = PBXBuildFile; fileRef = 7929499D250A896D00DAAC0C /* Assets.xcassets */; };
		792949A1250A896D00DAAC0C /* LaunchScreen.storyboard in Resources */ = {isa = PBXBuildFile; fileRef = 7929499F250A896D00DAAC0C /* LaunchScreen.storyboard */; };
		792949AC250A896D00DAAC0C /* MySecondAppTests.swift in Sources */ = {isa = PBXBuildFile; fileRef = 792949AB250A896D00DAAC0C /* MySecondAppTests.swift */; };
		792949B7250A896D00DAAC0C /* MySecondAppUITests.swift in Sources */ = {isa = PBXBuildFile; fileRef = 792949B6250A896D00DAAC0C /* MySecondAppUITests.swift */; };
/* End PBXBuildFile section */

/* Begin PBXContainerItemProxy section */
		792949A8250A896D00DAAC0C /* PBXContainerItemProxy */ = {
			isa = PBXContainerItemProxy;
			containerPortal = 79294989250A896B00DAAC0C /* Project object */;
			proxyType = 1;
			remoteGlobalIDString = 79294990250A896B00DAAC0C;
			remoteInfo = MySecondApp;
		};
		792949B3250A896D00DAAC0C /* PBXContainerItemProxy */ = {
			isa = PBXContainerItemProxy;
			containerPortal = 79294989250A896B00DAAC0C /* Project object */;
			proxyType = 1;
			remoteGlobalIDString = 79294990250A896B00DAAC0C;
			remoteInfo = MySecondApp;
		};
/* End PBXContainerItemProxy section */

/* Begin PBXFileReference section */
		79294991250A896B00DAAC0C /* MySecondApp.app */ = {isa = PBXFileReference; explicitFileType = wrapper.application; includeInIndex = 0; path = MySecondApp.app; sourceTree = BUILT_PRODUCTS_DIR; };
		79294994250A896B00DAAC0C /* AppDelegate.swift */ = {isa = PBXFileReference; lastKnownFileType = sourcecode.swift; path = AppDelegate.swift; sourceTree = "<group>"; };
		79294996250A896B00DAAC0C /* SceneDelegate.swift */ = {isa = PBXFileReference; lastKnownFileType = sourcecode.swift; path = SceneDelegate.swift; sourceTree = "<group>"; };
		79294998250A896B00DAAC0C /* ViewController.swift */ = {isa = PBXFileReference; lastKnownFileType = sourcecode.swift; path = ViewController.swift; sourceTree = "<group>"; };
		7929499B250A896B00DAAC0C /* Base */ = {isa = PBXFileReference; lastKnownFileType = file.storyboard; name = Base; path = Base.lproj/Main.storyboard; sourceTree = "<group>"; };
		7929499D250A896D00DAAC0C /* Assets.xcassets */ = {isa = PBXFileReference; lastKnownFileType = folder.assetcatalog; path = Assets.xcassets; sourceTree = "<group>"; };
		792949A0250A896D00DAAC0C /* Base */ = {isa = PBXFileReference; lastKnownFileType = file.storyboard; name = Base; path = Base.lproj/LaunchScreen.storyboard; sourceTree = "<group>"; };
		792949A2250A896D00DAAC0C /* Info.plist */ = {isa = PBXFileReference; lastKnownFileType = text.plist.xml; path = Info.plist; sourceTree = "<group>"; };
		792949A7250A896D00DAAC0C /* MySecondAppTests.xctest */ = {isa = PBXFileReference; explicitFileType = wrapper.cfbundle; includeInIndex = 0; path = MySecondAppTests.xctest; sourceTree = BUILT_PRODUCTS_DIR; };
		792949AB250A896D00DAAC0C /* MySecondAppTests.swift */ = {isa = PBXFileReference; lastKnownFileType = sourcecode.swift; path = MySecondAppTests.swift; sourceTree = "<group>"; };
		792949AD250A896D00DAAC0C /* Info.plist */ = {isa = PBXFileReference; lastKnownFileType = text.plist.xml; path = Info.plist; sourceTree = "<group>"; };
		792949B2250A896D00DAAC0C /* MySecondAppUITests.xctest */ = {isa = PBXFileReference; explicitFileType = wrapper.cfbundle; includeInIndex = 0; path = MySecondAppUITests.xctest; sourceTree = BUILT_PRODUCTS_DIR; };
		792949B6250A896D00DAAC0C /* MySecondAppUITests.swift */ = {isa = PBXFileReference; lastKnownFileType = sourcecode.swift; path = MySecondAppUITests.swift; sourceTree = "<group>"; };
		792949B8250A896D00DAAC0C /* Info.plist */ = {isa = PBXFileReference; lastKnownFileType = text.plist.xml; path = Info.plist; sourceTree = "<group>"; };
/* End PBXFileReference section */

/* Begin PBXFrameworksBuildPhase section */
		7929498E250A896B00DAAC0C /* Frameworks */ = {
			isa = PBXFrameworksBuildPhase;
			buildActionMask = 2147483647;
			files = (
			);
			runOnlyForDeploymentPostprocessing = 0;
		};
		792949A4250A896D00DAAC0C /* Frameworks */ = {
			isa = PBXFrameworksBuildPhase;
			buildActionMask = 2147483647;
			files = (
			);
			runOnlyForDeploymentPostprocessing = 0;
		};
		792949AF250A896D00DAAC0C /* Frameworks */ = {
			isa = PBXFrameworksBuildPhase;
			buildActionMask = 2147483647;
			files = (
			);
			runOnlyForDeploymentPostprocessing = 0;
		};
/* End PBXFrameworksBuildPhase section */

/* Begin PBXGroup section */
		79294988250A896B00DAAC0C = {
			isa = PBXGroup;
			children = (
				79294993250A896B00DAAC0C /* MySecondApp */,
				792949AA250A896D00DAAC0C /* MySecondAppTests */,
				792949B5250A896D00DAAC0C /* MySecondAppUITests */,
				79294992250A896B00DAAC0C /* Products */,
			);
			sourceTree = "<group>";
		};
		79294992250A896B00DAAC0C /* Products */ = {
			isa = PBXGroup;
			children = (
				79294991250A896B00DAAC0C /* MySecondApp.app */,
				792949A7250A896D00DAAC0C /* MySecondAppTests.xctest */,
				792949B2250A896D00DAAC0C /* MySecondAppUITests.xctest */,
			);
			name = Products;
			sourceTree = "<group>";
		};
		79294993250A896B00DAAC0C /* MySecondApp */ = {
			isa = PBXGroup;
			children = (
				79294994250A896B00DAAC0C /* AppDelegate.swift */,
				79294996250A896B00DAAC0C /* SceneDelegate.swift */,
				79294998250A896B00DAAC0C /* ViewController.swift */,
				7929499A250A896B00DAAC0C /* Main.storyboard */,
				7929499D250A896D00DAAC0C /* Assets.xcassets */,
				7929499F250A896D00DAAC0C /* LaunchScreen.storyboard */,
				792949A2250A896D00DAAC0C /* Info.plist */,
			);
			path = MySecondApp;
			sourceTree = "<group>";
		};
		792949AA250A896D00DAAC0C /* MySecondAppTests */ = {
			isa = PBXGroup;
			children = (
				792949AB250A896D00DAAC0C /* MySecondAppTests.swift */,
				792949AD250A896D00DAAC0C /* Info.plist */,
			);
			path = MySecondAppTests;
			sourceTree = "<group>";
		};
		792949B5250A896D00DAAC0C /* MySecondAppUITests */ = {
			isa = PBXGroup;
			children = (
				792949B6250A896D00DAAC0C /* MySecondAppUITests.swift */,
				792949B8250A896D00DAAC0C /* Info.plist */,
			);
			path = MySecondAppUITests;
			sourceTree = "<group>";
		};
/* End PBXGroup section */

/* Begin PBXNativeTarget section */
		79294990250A896B00DAAC0C /* MySecondApp */ = {
			isa = PBXNativeTarget;
			buildConfigurationList = 792949BB250A896D00DAAC0C /* Build configuration list for PBXNativeTarget "MySecondApp" */;
			buildPhases = (
				7929498D250A896B00DAAC0C /* Sources */,
				7929498E250A896B00DAAC0C /* Frameworks */,
				7929498F250A896B00DAAC0C /* Resources */,
			);
			buildRules = (
			);
			dependencies = (
			);
			name = MySecondApp;
			productName = MySecondApp;
			productReference = 79294991250A896B00DAAC0C /* MySecondApp.app */;
			productType = "com.apple.product-type.application";
		};
		792949A6250A896D00DAAC0C /* MySecondAppTests */ = {
			isa = PBXNativeTarget;
			buildConfigurationList = 792949BE250A896D00DAAC0C /* Build configuration list for PBXNativeTarget "MySecondAppTests" */;
			buildPhases = (
				792949A3250A896D00DAAC0C /* Sources */,
				792949A4250A896D00DAAC0C /* Frameworks */,
				792949A5250A896D00DAAC0C /* Resources */,
			);
			buildRules = (
			);
			dependencies = (
				792949A9250A896D00DAAC0C /* PBXTargetDependency */,
			);
			name = MySecondAppTests;
			productName = MySecondAppTests;
			productReference = 792949A7250A896D00DAAC0C /* MySecondAppTests.xctest */;
			productType = "com.apple.product-type.bundle.unit-test";
		};
		792949B1250A896D00DAAC0C /* MySecondAppUITests */ = {
			isa = PBXNativeTarget;
			buildConfigurationList = 792949C1250A896D00DAAC0C /* Build configuration list for PBXNativeTarget "MySecondAppUITests" */;
			buildPhases = (
				792949AE250A896D00DAAC0C /* Sources */,
				792949AF250A896D00DAAC0C /* Frameworks */,
				792949B0250A896D00DAAC0C /* Resources */,
			);
			buildRules = (
			);
			dependencies = (
				792949B4250A896D00DAAC0C /* PBXTargetDependency */,
			);
			name = MySecondAppUITests;
			productName = MySecondAppUITests;
			productReference = 792949B2250A896D00DAAC0C /* MySecondAppUITests.xctest */;
			productType = "com.apple.product-type.bundle.ui-testing";
		};
/* End PBXNativeTarget section */

/* Begin PBXProject section */
		79294989250A896B00DAAC0C /* Project object */ = {
			isa = PBXProject;
			attributes = {
				LastSwiftUpdateCheck = 1170;
				LastUpgradeCheck = 1170;
				ORGANIZATIONNAME = "Bill Skrzypczak";
				TargetAttributes = {
					79294990250A896B00DAAC0C = {
						CreatedOnToolsVersion = 11.7;
					};
					792949A6250A896D00DAAC0C = {
						CreatedOnToolsVersion = 11.7;
						TestTargetID = 79294990250A896B00DAAC0C;
					};
					792949B1250A896D00DAAC0C = {
						CreatedOnToolsVersion = 11.7;
						TestTargetID = 79294990250A896B00DAAC0C;
					};
				};
			};
			buildConfigurationList = 7929498C250A896B00DAAC0C /* Build configuration list for PBXProject "MySecondApp" */;
			compatibilityVersion = "Xcode 9.3";
			developmentRegion = en;
			hasScannedForEncodings = 0;
			knownRegions = (
				en,
				Base,
			);
			mainGroup = 79294988250A896B00DAAC0C;
			productRefGroup = 79294992250A896B00DAAC0C /* Products */;
			projectDirPath = "";
			projectRoot = "";
			targets = (
				79294990250A896B00DAAC0C /* MySecondApp */,
				792949A6250A896D00DAAC0C /* MySecondAppTests */,
				792949B1250A896D00DAAC0C /* MySecondAppUITests */,
			);
		};
/* End PBXProject section */

/* Begin PBXResourcesBuildPhase section */
		7929498F250A896B00DAAC0C /* Resources */ = {
			isa = PBXResourcesBuildPhase;
			buildActionMask = 2147483647;
			files = (
				792949A1250A896D00DAAC0C /* LaunchScreen.storyboard in Resources */,
				7929499E250A896D00DAAC0C /* Assets.xcassets in Resources */,
				7929499C250A896B00DAAC0C /* Main.storyboard in Resources */,
			);
			runOnlyForDeploymentPostprocessing = 0;
		};
		792949A5250A896D00DAAC0C /* Resources */ = {
			isa = PBXResourcesBuildPhase;
			buildActionMask = 2147483647;
			files = (
			);
			runOnlyForDeploymentPostprocessing = 0;
		};
		792949B0250A896D00DAAC0C /* Resources */ = {
			isa = PBXResourcesBuildPhase;
			buildActionMask = 2147483647;
			files = (
			);
			runOnlyForDeploymentPostprocessing = 0;
		};
/* End PBXResourcesBuildPhase section */

/* Begin PBXSourcesBuildPhase section */
		7929498D250A896B00DAAC0C /* Sources */ = {
			isa = PBXSourcesBuildPhase;
			buildActionMask = 2147483647;
			files = (
				79294999250A896B00DAAC0C /* ViewController.swift in Sources */,
				79294995250A896B00DAAC0C /* AppDelegate.swift in Sources */,
				79294997250A896B00DAAC0C /* SceneDelegate.swift in Sources */,
			);
			runOnlyForDeploymentPostprocessing = 0;
		};
		792949A3250A896D00DAAC0C /* Sources */ = {
			isa = PBXSourcesBuildPhase;
			buildActionMask = 2147483647;
			files = (
				792949AC250A896D00DAAC0C /* MySecondAppTests.swift in Sources */,
			);
			runOnlyForDeploymentPostprocessing = 0;
		};
		792949AE250A896D00DAAC0C /* Sources */ = {
			isa = PBXSourcesBuildPhase;
			buildActionMask = 2147483647;
			files = (
				792949B7250A896D00DAAC0C /* MySecondAppUITests.swift in Sources */,
			);
			runOnlyForDeploymentPostprocessing = 0;
		};
/* End PBXSourcesBuildPhase section */

/* Begin PBXTargetDependency section */
		792949A9250A896D00DAAC0C /* PBXTargetDependency */ = {
			isa = PBXTargetDependency;
			target = 79294990250A896B00DAAC0C /* MySecondApp */;
			targetProxy = 792949A8250A896D00DAAC0C /* PBXContainerItemProxy */;
		};
		792949B4250A896D00DAAC0C /* PBXTargetDependency */ = {
			isa = PBXTargetDependency;
			target = 79294990250A896B00DAAC0C /* MySecondApp */;
			targetProxy = 792949B3250A896D00DAAC0C /* PBXContainerItemProxy */;
		};
/* End PBXTargetDependency section */

/* Begin PBXVariantGroup section */
		7929499A250A896B00DAAC0C /* Main.storyboard */ = {
			isa = PBXVariantGroup;
			children = (
				7929499B250A896B00DAAC0C /* Base */,
			);
			name = Main.storyboard;
			sourceTree = "<group>";
		};
		7929499F250A896D00DAAC0C /* LaunchScreen.storyboard */ = {
			isa = PBXVariantGroup;
			children = (
				792949A0250A896D00DAAC0C /* Base */,
			);
			name = LaunchScreen.storyboard;
			sourceTree = "<group>";
		};
/* End PBXVariantGroup section */

/* Begin XCBuildConfiguration section */
		792949B9250A896D00DAAC0C /* Debug */ = {
			isa = XCBuildConfiguration;
			buildSettings = {
				ALWAYS_SEARCH_USER_PATHS = NO;
				CLANG_ANALYZER_NONNULL = YES;
				CLANG_ANALYZER_NUMBER_OBJECT_CONVERSION = YES_AGGRESSIVE;
				CLANG_CXX_LANGUAGE_STANDARD = "gnu++14";
				CLANG_CXX_LIBRARY = "libc++";
				CLANG_ENABLE_MODULES = YES;
				CLANG_ENABLE_OBJC_ARC = YES;
				CLANG_ENABLE_OBJC_WEAK = YES;
				CLANG_WARN_BLOCK_CAPTURE_AUTORELEASING = YES;
				CLANG_WARN_BOOL_CONVERSION = YES;
				CLANG_WARN_COMMA = YES;
				CLANG_WARN_CONSTANT_CONVERSION = YES;
				CLANG_WARN_DEPRECATED_OBJC_IMPLEMENTATIONS = YES;
				CLANG_WARN_DIRECT_OBJC_ISA_USAGE = YES_ERROR;
				CLANG_WARN_DOCUMENTATION_COMMENTS = YES;
				CLANG_WARN_EMPTY_BODY = YES;
				CLANG_WARN_ENUM_CONVERSION = YES;
				CLANG_WARN_INFINITE_RECURSION = YES;
				CLANG_WARN_INT_CONVERSION = YES;
				CLANG_WARN_NON_LITERAL_NULL_CONVERSION = YES;
				CLANG_WARN_OBJC_IMPLICIT_RETAIN_SELF = YES;
				CLANG_WARN_OBJC_LITERAL_CONVERSION = YES;
				CLANG_WARN_OBJC_ROOT_CLASS = YES_ERROR;
				CLANG_WARN_RANGE_LOOP_ANALYSIS = YES;
				CLANG_WARN_STRICT_PROTOTYPES = YES;
				CLANG_WARN_SUSPICIOUS_MOVE = YES;
				CLANG_WARN_UNGUARDED_AVAILABILITY = YES_AGGRESSIVE;
				CLANG_WARN_UNREACHABLE_CODE = YES;
				CLANG_WARN__DUPLICATE_METHOD_MATCH = YES;
				COPY_PHASE_STRIP = NO;
				DEBUG_INFORMATION_FORMAT = dwarf;
				ENABLE_STRICT_OBJC_MSGSEND = YES;
				ENABLE_TESTABILITY = YES;
				GCC_C_LANGUAGE_STANDARD = gnu11;
				GCC_DYNAMIC_NO_PIC = NO;
				GCC_NO_COMMON_BLOCKS = YES;
				GCC_OPTIMIZATION_LEVEL = 0;
				GCC_PREPROCESSOR_DEFINITIONS = (
					"DEBUG=1",
					"$(inherited)",
				);
				GCC_WARN_64_TO_32_BIT_CONVERSION = YES;
				GCC_WARN_ABOUT_RETURN_TYPE = YES_ERROR;
				GCC_WARN_UNDECLARED_SELECTOR = YES;
				GCC_WARN_UNINITIALIZED_AUTOS = YES_AGGRESSIVE;
				GCC_WARN_UNUSED_FUNCTION = YES;
				GCC_WARN_UNUSED_VARIABLE = YES;
				IPHONEOS_DEPLOYMENT_TARGET = 13.7;
				MTL_ENABLE_DEBUG_INFO = INCLUDE_SOURCE;
				MTL_FAST_MATH = YES;
				ONLY_ACTIVE_ARCH = YES;
				SDKROOT = iphoneos;
				SWIFT_ACTIVE_COMPILATION_CONDITIONS = DEBUG;
				SWIFT_OPTIMIZATION_LEVEL = "-Onone";
			};
			name = Debug;
		};
		792949BA250A896D00DAAC0C /* Release */ = {
			isa = XCBuildConfiguration;
			buildSettings = {
				ALWAYS_SEARCH_USER_PATHS = NO;
				CLANG_ANALYZER_NONNULL = YES;
				CLANG_ANALYZER_NUMBER_OBJECT_CONVERSION = YES_AGGRESSIVE;
				CLANG_CXX_LANGUAGE_STANDARD = "gnu++14";
				CLANG_CXX_LIBRARY = "libc++";
				CLANG_ENABLE_MODULES = YES;
				CLANG_ENABLE_OBJC_ARC = YES;
				CLANG_ENABLE_OBJC_WEAK = YES;
				CLANG_WARN_BLOCK_CAPTURE_AUTORELEASING = YES;
				CLANG_WARN_BOOL_CONVERSION = YES;
				CLANG_WARN_COMMA = YES;
				CLANG_WARN_CONSTANT_CONVERSION = YES;
				CLANG_WARN_DEPRECATED_OBJC_IMPLEMENTATIONS = YES;
				CLANG_WARN_DIRECT_OBJC_ISA_USAGE = YES_ERROR;
				CLANG_WARN_DOCUMENTATION_COMMENTS = YES;
				CLANG_WARN_EMPTY_BODY = YES;
				CLANG_WARN_ENUM_CONVERSION = YES;
				CLANG_WARN_INFINITE_RECURSION = YES;
				CLANG_WARN_INT_CONVERSION = YES;
				CLANG_WARN_NON_LITERAL_NULL_CONVERSION = YES;
				CLANG_WARN_OBJC_IMPLICIT_RETAIN_SELF = YES;
				CLANG_WARN_OBJC_LITERAL_CONVERSION = YES;
				CLANG_WARN_OBJC_ROOT_CLASS = YES_ERROR;
				CLANG_WARN_RANGE_LOOP_ANALYSIS = YES;
				CLANG_WARN_STRICT_PROTOTYPES = YES;
				CLANG_WARN_SUSPICIOUS_MOVE = YES;
				CLANG_WARN_UNGUARDED_AVAILABILITY = YES_AGGRESSIVE;
				CLANG_WARN_UNREACHABLE_CODE = YES;
				CLANG_WARN__DUPLICATE_METHOD_MATCH = YES;
				COPY_PHASE_STRIP = NO;
				DEBUG_INFORMATION_FORMAT = "dwarf-with-dsym";
				ENABLE_NS_ASSERTIONS = NO;
				ENABLE_STRICT_OBJC_MSGSEND = YES;
				GCC_C_LANGUAGE_STANDARD = gnu11;
				GCC_NO_COMMON_BLOCKS = YES;
				GCC_WARN_64_TO_32_BIT_CONVERSION = YES;
				GCC_WARN_ABOUT_RETURN_TYPE = YES_ERROR;
				GCC_WARN_UNDECLARED_SELECTOR = YES;
				GCC_WARN_UNINITIALIZED_AUTOS = YES_AGGRESSIVE;
				GCC_WARN_UNUSED_FUNCTION = YES;
				GCC_WARN_UNUSED_VARIABLE = YES;
				IPHONEOS_DEPLOYMENT_TARGET = 13.7;
				MTL_ENABLE_DEBUG_INFO = NO;
				MTL_FAST_MATH = YES;
				SDKROOT = iphoneos;
				SWIFT_COMPILATION_MODE = wholemodule;
				SWIFT_OPTIMIZATION_LEVEL = "-O";
				VALIDATE_PRODUCT = YES;
			};
			name = Release;
		};
		792949BC250A896D00DAAC0C /* Debug */ = {
			isa = XCBuildConfiguration;
			buildSettings = {
				ASSETCATALOG_COMPILER_APPICON_NAME = AppIcon;
				CODE_SIGN_STYLE = Automatic;
				DEVELOPMENT_TEAM = 6JD548BN3B;
				INFOPLIST_FILE = MySecondApp/Info.plist;
				LD_RUNPATH_SEARCH_PATHS = (
					"$(inherited)",
					"@executable_path/Frameworks",
				);
				PRODUCT_BUNDLE_IDENTIFIER = com.BulldogVenturesInc.MySecondApp;
				PRODUCT_NAME = "$(TARGET_NAME)";
				SWIFT_VERSION = 5.0;
				TARGETED_DEVICE_FAMILY = "1,2";
			};
			name = Debug;
		};
		792949BD250A896D00DAAC0C /* Release */ = {
			isa = XCBuildConfiguration;
			buildSettings = {
				ASSETCATALOG_COMPILER_APPICON_NAME = AppIcon;
				CODE_SIGN_STYLE = Automatic;
				DEVELOPMENT_TEAM = 6JD548BN3B;
				INFOPLIST_FILE = MySecondApp/Info.plist;
				LD_RUNPATH_SEARCH_PATHS = (
					"$(inherited)",
					"@executable_path/Frameworks",
				);
				PRODUCT_BUNDLE_IDENTIFIER = com.BulldogVenturesInc.MySecondApp;
				PRODUCT_NAME = "$(TARGET_NAME)";
				SWIFT_VERSION = 5.0;
				TARGETED_DEVICE_FAMILY = "1,2";
			};
			name = Release;
		};
		792949BF250A896D00DAAC0C /* Debug */ = {
			isa = XCBuildConfiguration;
			buildSettings = {
				ALWAYS_EMBED_SWIFT_STANDARD_LIBRARIES = YES;
				BUNDLE_LOADER = "$(TEST_HOST)";
				CODE_SIGN_STYLE = Automatic;
				DEVELOPMENT_TEAM = 6JD548BN3B;
				INFOPLIST_FILE = MySecondAppTests/Info.plist;
				IPHONEOS_DEPLOYMENT_TARGET = 13.7;
				LD_RUNPATH_SEARCH_PATHS = (
					"$(inherited)",
					"@executable_path/Frameworks",
					"@loader_path/Frameworks",
				);
				PRODUCT_BUNDLE_IDENTIFIER = com.BulldogVenturesInc.MySecondAppTests;
				PRODUCT_NAME = "$(TARGET_NAME)";
				SWIFT_VERSION = 5.0;
				TARGETED_DEVICE_FAMILY = "1,2";
				TEST_HOST = "$(BUILT_PRODUCTS_DIR)/MySecondApp.app/MySecondApp";
			};
			name = Debug;
		};
		792949C0250A896D00DAAC0C /* Release */ = {
			isa = XCBuildConfiguration;
			buildSettings = {
				ALWAYS_EMBED_SWIFT_STANDARD_LIBRARIES = YES;
				BUNDLE_LOADER = "$(TEST_HOST)";
				CODE_SIGN_STYLE = Automatic;
				DEVELOPMENT_TEAM = 6JD548BN3B;
				INFOPLIST_FILE = MySecondAppTests/Info.plist;
				IPHONEOS_DEPLOYMENT_TARGET = 13.7;
				LD_RUNPATH_SEARCH_PATHS = (
					"$(inherited)",
					"@executable_path/Frameworks",
					"@loader_path/Frameworks",
				);
				PRODUCT_BUNDLE_IDENTIFIER = com.BulldogVenturesInc.MySecondAppTests;
				PRODUCT_NAME = "$(TARGET_NAME)";
				SWIFT_VERSION = 5.0;
				TARGETED_DEVICE_FAMILY = "1,2";
				TEST_HOST = "$(BUILT_PRODUCTS_DIR)/MySecondApp.app/MySecondApp";
			};
			name = Release;
		};
		792949C2250A896D00DAAC0C /* Debug */ = {
			isa = XCBuildConfiguration;
			buildSettings = {
				ALWAYS_EMBED_SWIFT_STANDARD_LIBRARIES = YES;
				CODE_SIGN_STYLE = Automatic;
				DEVELOPMENT_TEAM = 6JD548BN3B;
				INFOPLIST_FILE = MySecondAppUITests/Info.plist;
				LD_RUNPATH_SEARCH_PATHS = (
					"$(inherited)",
					"@executable_path/Frameworks",
					"@loader_path/Frameworks",
				);
				PRODUCT_BUNDLE_IDENTIFIER = com.BulldogVenturesInc.MySecondAppUITests;
				PRODUCT_NAME = "$(TARGET_NAME)";
				SWIFT_VERSION = 5.0;
				TARGETED_DEVICE_FAMILY = "1,2";
				TEST_TARGET_NAME = MySecondApp;
			};
			name = Debug;
		};
		792949C3250A896D00DAAC0C /* Release */ = {
			isa = XCBuildConfiguration;
			buildSettings = {
				ALWAYS_EMBED_SWIFT_STANDARD_LIBRARIES = YES;
				CODE_SIGN_STYLE = Automatic;
				DEVELOPMENT_TEAM = 6JD548BN3B;
				INFOPLIST_FILE = MySecondAppUITests/Info.plist;
				LD_RUNPATH_SEARCH_PATHS = (
					"$(inherited)",
					"@executable_path/Frameworks",
					"@loader_path/Frameworks",
				);
				PRODUCT_BUNDLE_IDENTIFIER = com.BulldogVenturesInc.MySecondAppUITests;
				PRODUCT_NAME = "$(TARGET_NAME)";
				SWIFT_VERSION = 5.0;
				TARGETED_DEVICE_FAMILY = "1,2";
				TEST_TARGET_NAME = MySecondApp;
			};
			name = Release;
		};
/* End XCBuildConfiguration section */

/* Begin XCConfigurationList section */
		7929498C250A896B00DAAC0C /* Build configuration list for PBXProject "MySecondApp" */ = {
			isa = XCConfigurationList;
			buildConfigurations = (
				792949B9250A896D00DAAC0C /* Debug */,
				792949BA250A896D00DAAC0C /* Release */,
			);
			defaultConfigurationIsVisible = 0;
			defaultConfigurationName = Release;
		};
		792949BB250A896D00DAAC0C /* Build configuration list for PBXNativeTarget "MySecondApp" */ = {
			isa = XCConfigurationList;
			buildConfigurations = (
				792949BC250A896D00DAAC0C /* Debug */,
				792949BD250A896D00DAAC0C /* Release */,
			);
			defaultConfigurationIsVisible = 0;
			defaultConfigurationName = Release;
		};
		792949BE250A896D00DAAC0C /* Build configuration list for PBXNativeTarget "MySecondAppTests" */ = {
			isa = XCConfigurationList;
			buildConfigurations = (
				792949BF250A896D00DAAC0C /* Debug */,
				792949C0250A896D00DAAC0C /* Release */,
			);
			defaultConfigurationIsVisible = 0;
			defaultConfigurationName = Release;
		};
		792949C1250A896D00DAAC0C /* Build configuration list for PBXNativeTarget "MySecondAppUITests" */ = {
			isa = XCConfigurationList;
			buildConfigurations = (
				792949C2250A896D00DAAC0C /* Debug */,
				792949C3250A896D00DAAC0C /* Release */,
			);
			defaultConfigurationIsVisible = 0;
			defaultConfigurationName = Release;
		};
/* End XCConfigurationList section */
	};
	rootObject = 79294989250A896B00DAAC0C /* Project object */;
}
